Microsoft Visual Studio Solution File, Format Version 12.00
# Visual Studio Version 16
VisualStudioVersion = 16.0.29911.84
MinimumVisualStudioVersion = 10.0.40219.1
Project("{9A19103F-16F7-4668-BE54-9A1E7A4F7556}") = "ANPaX.Simulation.FilmFormation", "ANPaX.Simulation.FilmFormation\ANPaX.Simulation.FilmFormation.csproj", "{ECC70DF6-8549-4EF2-A789-1ECA7712969B}"
EndProject
Project("{9A19103F-16F7-4668-BE54-9A1E7A4F7556}") = "ANPaX.Simulation.AggregateFormation", "ANPaX.Simulation.AggregateFormation\ANPaX.Simulation.AggregateFormation.csproj", "{43D1EB3E-2404-4DD0-9B29-7AF43A89DB1A}"
EndProject
Project("{9A19103F-16F7-4668-BE54-9A1E7A4F7556}") = "ANPaX.Core", "ANPaX.Core\ANPaX.Core.csproj", "{A82DDAF0-4D05-4A62-B0DA-A0D1A15D2D72}"
EndProject
Project("{9A19103F-16F7-4668-BE54-9A1E7A4F7556}") = "ANPaX.UI.ConsoleUI", "ANPaX.UI.ConsoleUI\ANPaX.UI.ConsoleUI.csproj", "{AA769A30-ACCE-43F6-BE03-64AD48752462}"
EndProject
Project("{2150E333-8FDC-42A3-9474-1A3956D46DE8}") = "Solution Items", "Solution Items", "{DE131C92-1DD5-4FFB-BB87-A3F25AB79C35}"
	ProjectSection(SolutionItems) = preProject
		.editorconfig = .editorconfig
		ANPaXDB.sqlite = ANPaXDB.sqlite
	EndProjectSection
EndProject
Project("{9A19103F-16F7-4668-BE54-9A1E7A4F7556}") = "ANPaX.UI.DesktopUI", "ANPaX.UI.DesktopUI\ANPaX.UI.DesktopUI.csproj", "{BA738508-5F55-4A35-83E2-5D7486835805}"
EndProject
Project("{9A19103F-16F7-4668-BE54-9A1E7A4F7556}") = "ANPaX.Analysis.Validation", "ANPaX.Analysis.Validation\ANPaX.Analysis.Validation.csproj", "{5219E9BF-2F61-40D8-A56D-125C17C407A2}"
EndProject
Project("{9A19103F-16F7-4668-BE54-9A1E7A4F7556}") = "ANPaX.IO", "ANPaX.IO\ANPaX.IO.csproj", "{7E93B26E-0971-433E-9598-30F78E05630B}"
EndProject
Project("{9A19103F-16F7-4668-BE54-9A1E7A4F7556}") = "ANPaX.Analysis.PoreStructure", "ANPaX.Analysis.PoreStructure\ANPaX.Analysis.PoreStructure.csproj", "{850B4151-FE8E-49F0-AFE4-026D238CBC88}"
EndProject
Project("{9A19103F-16F7-4668-BE54-9A1E7A4F7556}") = "ANPaX.IO.DBConnection", "ANPaX.IO.DBConnection\ANPaX.IO.DBConnection.csproj", "{6BF2FA38-C169-4B0C-B145-9F49A36E3769}"
EndProject
Project("{00D1A9C2-B5F0-4AF3-8072-F6C62B433612}") = "ANPaX.IO.SQLDatabase", "ANPaX.IO.SQLDatabase\ANPaX.IO.SQLDatabase.sqlproj", "{B6F1CB14-72B4-42C1-BCA4-A673BC3EDDAB}"
EndProject
Project("{9A19103F-16F7-4668-BE54-9A1E7A4F7556}") = "ANPaX.UI.BlazorServer", "ANPaX.UI.BlazorServer\ANPaX.UI.BlazorServer.csproj", "{A3CACA96-4219-4F8A-98F7-C2C339E6AEDC}"
EndProject
Project("{FAE04EC0-301F-11D3-BF4B-00C04F79EFBC}") = "ANPaX.Backend", "ANPaX.Backend\ANPaX.Backend.csproj", "{07BF919D-C122-4861-8027-46EF161FB6EE}"
EndProject
Global
	GlobalSection(SolutionConfigurationPlatforms) = preSolution
		Debug|Any CPU = Debug|Any CPU
		Release|Any CPU = Release|Any CPU
	EndGlobalSection
	GlobalSection(ProjectConfigurationPlatforms) = postSolution
		{ECC70DF6-8549-4EF2-A789-1ECA7712969B}.Debug|Any CPU.ActiveCfg = Debug|Any CPU
		{ECC70DF6-8549-4EF2-A789-1ECA7712969B}.Debug|Any CPU.Build.0 = Debug|Any CPU
		{ECC70DF6-8549-4EF2-A789-1ECA7712969B}.Release|Any CPU.ActiveCfg = Release|Any CPU
		{ECC70DF6-8549-4EF2-A789-1ECA7712969B}.Release|Any CPU.Build.0 = Release|Any CPU
		{43D1EB3E-2404-4DD0-9B29-7AF43A89DB1A}.Debug|Any CPU.ActiveCfg = Debug|Any CPU
		{43D1EB3E-2404-4DD0-9B29-7AF43A89DB1A}.Debug|Any CPU.Build.0 = Debug|Any CPU
		{43D1EB3E-2404-4DD0-9B29-7AF43A89DB1A}.Release|Any CPU.ActiveCfg = Release|Any CPU
		{43D1EB3E-2404-4DD0-9B29-7AF43A89DB1A}.Release|Any CPU.Build.0 = Release|Any CPU
		{A82DDAF0-4D05-4A62-B0DA-A0D1A15D2D72}.Debug|Any CPU.ActiveCfg = Debug|Any CPU
		{A82DDAF0-4D05-4A62-B0DA-A0D1A15D2D72}.Debug|Any CPU.Build.0 = Debug|Any CPU
		{A82DDAF0-4D05-4A62-B0DA-A0D1A15D2D72}.Release|Any CPU.ActiveCfg = Release|Any CPU
		{A82DDAF0-4D05-4A62-B0DA-A0D1A15D2D72}.Release|Any CPU.Build.0 = Release|Any CPU
		{AA769A30-ACCE-43F6-BE03-64AD48752462}.Debug|Any CPU.ActiveCfg = Debug|Any CPU
		{AA769A30-ACCE-43F6-BE03-64AD48752462}.Debug|Any CPU.Build.0 = Debug|Any CPU
		{AA769A30-ACCE-43F6-BE03-64AD48752462}.Release|Any CPU.ActiveCfg = Release|Any CPU
		{AA769A30-ACCE-43F6-BE03-64AD48752462}.Release|Any CPU.Build.0 = Release|Any CPU
		{BA738508-5F55-4A35-83E2-5D7486835805}.Debug|Any CPU.ActiveCfg = Debug|Any CPU
		{BA738508-5F55-4A35-83E2-5D7486835805}.Debug|Any CPU.Build.0 = Debug|Any CPU
		{BA738508-5F55-4A35-83E2-5D7486835805}.Release|Any CPU.ActiveCfg = Release|Any CPU
		{BA738508-5F55-4A35-83E2-5D7486835805}.Release|Any CPU.Build.0 = Release|Any CPU
		{5219E9BF-2F61-40D8-A56D-125C17C407A2}.Debug|Any CPU.ActiveCfg = Debug|Any CPU
		{5219E9BF-2F61-40D8-A56D-125C17C407A2}.Debug|Any CPU.Build.0 = Debug|Any CPU
		{5219E9BF-2F61-40D8-A56D-125C17C407A2}.Release|Any CPU.ActiveCfg = Release|Any CPU
		{5219E9BF-2F61-40D8-A56D-125C17C407A2}.Release|Any CPU.Build.0 = Release|Any CPU
		{7E93B26E-0971-433E-9598-30F78E05630B}.Debug|Any CPU.ActiveCfg = Debug|Any CPU
		{7E93B26E-0971-433E-9598-30F78E05630B}.Debug|Any CPU.Build.0 = Debug|Any CPU
		{7E93B26E-0971-433E-9598-30F78E05630B}.Release|Any CPU.ActiveCfg = Release|Any CPU
		{7E93B26E-0971-433E-9598-30F78E05630B}.Release|Any CPU.Build.0 = Release|Any CPU
		{850B4151-FE8E-49F0-AFE4-026D238CBC88}.Debug|Any CPU.ActiveCfg = Debug|Any CPU
		{850B4151-FE8E-49F0-AFE4-026D238CBC88}.Debug|Any CPU.Build.0 = Debug|Any CPU
		{850B4151-FE8E-49F0-AFE4-026D238CBC88}.Release|Any CPU.ActiveCfg = Release|Any CPU
		{850B4151-FE8E-49F0-AFE4-026D238CBC88}.Release|Any CPU.Build.0 = Release|Any CPU
		{6BF2FA38-C169-4B0C-B145-9F49A36E3769}.Debug|Any CPU.ActiveCfg = Debug|Any CPU
		{6BF2FA38-C169-4B0C-B145-9F49A36E3769}.Debug|Any CPU.Build.0 = Debug|Any CPU
		{6BF2FA38-C169-4B0C-B145-9F49A36E3769}.Release|Any CPU.ActiveCfg = Release|Any CPU
		{6BF2FA38-C169-4B0C-B145-9F49A36E3769}.Release|Any CPU.Build.0 = Release|Any CPU
		{B6F1CB14-72B4-42C1-BCA4-A673BC3EDDAB}.Debug|Any CPU.ActiveCfg = Debug|Any CPU
		{B6F1CB14-72B4-42C1-BCA4-A673BC3EDDAB}.Debug|Any CPU.Build.0 = Debug|Any CPU
		{B6F1CB14-72B4-42C1-BCA4-A673BC3EDDAB}.Debug|Any CPU.Deploy.0 = Debug|Any CPU
		{B6F1CB14-72B4-42C1-BCA4-A673BC3EDDAB}.Release|Any CPU.ActiveCfg = Release|Any CPU
		{B6F1CB14-72B4-42C1-BCA4-A673BC3EDDAB}.Release|Any CPU.Build.0 = Release|Any CPU
		{B6F1CB14-72B4-42C1-BCA4-A673BC3EDDAB}.Release|Any CPU.Deploy.0 = Release|Any CPU
		{A3CACA96-4219-4F8A-98F7-C2C339E6AEDC}.Debug|Any CPU.ActiveCfg = Debug|Any CPU
		{A3CACA96-4219-4F8A-98F7-C2C339E6AEDC}.Debug|Any CPU.Build.0 = Debug|Any CPU
		{A3CACA96-4219-4F8A-98F7-C2C339E6AEDC}.Release|Any CPU.ActiveCfg = Release|Any CPU
		{A3CACA96-4219-4F8A-98F7-C2C339E6AEDC}.Release|Any CPU.Build.0 = Release|Any CPU
		{07BF919D-C122-4861-8027-46EF161FB6EE}.Debug|Any CPU.ActiveCfg = Debug|Any CPU
		{07BF919D-C122-4861-8027-46EF161FB6EE}.Debug|Any CPU.Build.0 = Debug|Any CPU
		{07BF919D-C122-4861-8027-46EF161FB6EE}.Release|Any CPU.ActiveCfg = Release|Any CPU
		{07BF919D-C122-4861-8027-46EF161FB6EE}.Release|Any CPU.Build.0 = Release|Any CPU
	EndGlobalSection
	GlobalSection(SolutionProperties) = preSolution
		HideSolutionNode = FALSE
	EndGlobalSection
	GlobalSection(ExtensibilityGlobals) = postSolution
		SolutionGuid = {43131080-830C-404D-976C-033E7536DDD6}
	EndGlobalSection
EndGlobal
